
Microsoft Visual Studio Solution File, Format Version 12.00
# Visual Studio 2017
Project("{FAE04EC0-301F-11D3-BF4B-00C04F79EFBC}") = "SurvivalFight02", "SurvivalFight02.csproj", "{5CC61454-139B-E431-6EE0-C8DE91F0528E}"
EndProject
Global
	GlobalSection(SolutionConfigurationPlatforms) = preSolution
		Debug|Any CPU = Debug|Any CPU
		Release|Any CPU = Release|Any CPU
	EndGlobalSection
	GlobalSection(ProjectConfigurationPlatforms) = postSolution
		{5CC61454-139B-E431-6EE0-C8DE91F0528E}.Debug|Any CPU.ActiveCfg = Debug|Any CPU
		{5CC61454-139B-E431-6EE0-C8DE91F0528E}.Debug|Any CPU.Build.0 = Debug|Any CPU
		{5CC61454-139B-E431-6EE0-C8DE91F0528E}.Release|Any CPU.ActiveCfg = Release|Any CPU
		{5CC61454-139B-E431-6EE0-C8DE91F0528E}.Release|Any CPU.Build.0 = Release|Any CPU
	EndGlobalSection
	GlobalSection(SolutionProperties) = preSolution
		HideSolutionNode = FALSE
	EndGlobalSection
EndGlobal
