
Microsoft Visual Studio Solution File, Format Version 12.00
# Visual Studio 2017
Project("{FAE04EC0-301F-11D3-BF4B-00C04F79EFBC}") = "SurvivalFight04", "SurvivalFight04.csproj", "{D2851310-3A73-AE4B-75EF-9E03FDF0EF78}"
EndProject
Global
	GlobalSection(SolutionConfigurationPlatforms) = preSolution
		Debug|Any CPU = Debug|Any CPU
		Release|Any CPU = Release|Any CPU
	EndGlobalSection
	GlobalSection(ProjectConfigurationPlatforms) = postSolution
		{D2851310-3A73-AE4B-75EF-9E03FDF0EF78}.Debug|Any CPU.ActiveCfg = Debug|Any CPU
		{D2851310-3A73-AE4B-75EF-9E03FDF0EF78}.Debug|Any CPU.Build.0 = Debug|Any CPU
		{D2851310-3A73-AE4B-75EF-9E03FDF0EF78}.Release|Any CPU.ActiveCfg = Release|Any CPU
		{D2851310-3A73-AE4B-75EF-9E03FDF0EF78}.Release|Any CPU.Build.0 = Release|Any CPU
	EndGlobalSection
	GlobalSection(SolutionProperties) = preSolution
		HideSolutionNode = FALSE
	EndGlobalSection
EndGlobal
