
Microsoft Visual Studio Solution File, Format Version 12.00
# Visual Studio 2017
Project("{FAE04EC0-301F-11D3-BF4B-00C04F79EFBC}") = "SurvivalFight08", "SurvivalFight08.csproj", "{89906FB5-824E-24EF-0CBE-F943547E2CA1}"
EndProject
Project("{FAE04EC0-301F-11D3-BF4B-00C04F79EFBC}") = "SurvivalFight08.Plugins", "SurvivalFight08.Plugins.csproj", "{E0FD3DEC-9897-0226-2FB1-1430C329F298}"
EndProject
Project("{FAE04EC0-301F-11D3-BF4B-00C04F79EFBC}") = "SurvivalFight08.Editor.Plugins", "SurvivalFight08.Editor.Plugins.csproj", "{54708582-1699-9DBF-EB56-384EDBC2D16B}"
EndProject
Project("{FAE04EC0-301F-11D3-BF4B-00C04F79EFBC}") = "SurvivalFight08.Editor", "SurvivalFight08.Editor.csproj", "{93F8096F-1397-2F3E-F9C0-9D93055B0BC7}"
EndProject
Global
	GlobalSection(SolutionConfigurationPlatforms) = preSolution
		Debug|Any CPU = Debug|Any CPU
		Release|Any CPU = Release|Any CPU
	EndGlobalSection
	GlobalSection(ProjectConfigurationPlatforms) = postSolution
		{89906FB5-824E-24EF-0CBE-F943547E2CA1}.Debug|Any CPU.ActiveCfg = Debug|Any CPU
		{89906FB5-824E-24EF-0CBE-F943547E2CA1}.Debug|Any CPU.Build.0 = Debug|Any CPU
		{89906FB5-824E-24EF-0CBE-F943547E2CA1}.Release|Any CPU.ActiveCfg = Release|Any CPU
		{89906FB5-824E-24EF-0CBE-F943547E2CA1}.Release|Any CPU.Build.0 = Release|Any CPU
		{E0FD3DEC-9897-0226-2FB1-1430C329F298}.Debug|Any CPU.ActiveCfg = Debug|Any CPU
		{E0FD3DEC-9897-0226-2FB1-1430C329F298}.Debug|Any CPU.Build.0 = Debug|Any CPU
		{E0FD3DEC-9897-0226-2FB1-1430C329F298}.Release|Any CPU.ActiveCfg = Release|Any CPU
		{E0FD3DEC-9897-0226-2FB1-1430C329F298}.Release|Any CPU.Build.0 = Release|Any CPU
		{54708582-1699-9DBF-EB56-384EDBC2D16B}.Debug|Any CPU.ActiveCfg = Debug|Any CPU
		{54708582-1699-9DBF-EB56-384EDBC2D16B}.Debug|Any CPU.Build.0 = Debug|Any CPU
		{54708582-1699-9DBF-EB56-384EDBC2D16B}.Release|Any CPU.ActiveCfg = Release|Any CPU
		{54708582-1699-9DBF-EB56-384EDBC2D16B}.Release|Any CPU.Build.0 = Release|Any CPU
		{93F8096F-1397-2F3E-F9C0-9D93055B0BC7}.Debug|Any CPU.ActiveCfg = Debug|Any CPU
		{93F8096F-1397-2F3E-F9C0-9D93055B0BC7}.Debug|Any CPU.Build.0 = Debug|Any CPU
		{93F8096F-1397-2F3E-F9C0-9D93055B0BC7}.Release|Any CPU.ActiveCfg = Release|Any CPU
		{93F8096F-1397-2F3E-F9C0-9D93055B0BC7}.Release|Any CPU.Build.0 = Release|Any CPU
	EndGlobalSection
	GlobalSection(SolutionProperties) = preSolution
		HideSolutionNode = FALSE
	EndGlobalSection
EndGlobal
